// !$*UTF8*$!
{
	archiveVersion = 1;
	classes = {
	};
	objectVersion = 56;
	objects = {

/* Begin PBXBuildFile section */
		BBD99335693F14DF99B82AF2 /* Pods_MalayaliDinoGame.framework in Frameworks */ = {isa = PBXBuildFile; fileRef = 7099FB686F2615A139EB8012 /* Pods_MalayaliDinoGame.framework */; };
		FADB7BE32EF4280B00F9DA19 /* AppDelegate.swift in Sources */ = {isa = PBXBuildFile; fileRef = FADB7BE22EF4280B00F9DA19 /* AppDelegate.swift */; };
		FADB7BE52EF4280B00F9DA19 /* SceneDelegate.swift in Sources */ = {isa = PBXBuildFile; fileRef = FADB7BE42EF4280B00F9DA19 /* SceneDelegate.swift */; };
		FADB7BE72EF4280B00F9DA19 /* HomeVC.swift in Sources */ = {isa = PBXBuildFile; fileRef = FADB7BE62EF4280B00F9DA19 /* HomeVC.swift */; };
		FADB7BEA2EF4280B00F9DA19 /* Main.storyboard in Resources */ = {isa = PBXBuildFile; fileRef = FADB7BE82EF4280B00F9DA19 /* Main.storyboard */; };
		FADB7BEC2EF4280E00F9DA19 /* Assets.xcassets in Resources */ = {isa = PBXBuildFile; fileRef = FADB7BEB2EF4280E00F9DA19 /* Assets.xcassets */; };
		FADB7BEF2EF4280E00F9DA19 /* LaunchScreen.storyboard in Resources */ = {isa = PBXBuildFile; fileRef = FADB7BED2EF4280E00F9DA19 /* LaunchScreen.storyboard */; };
		FADB7BF82EF428BE00F9DA19 /* Alamofire in Frameworks */ = {isa = PBXBuildFile; productRef = FADB7BF72EF428BE00F9DA19 /* Alamofire */; };
		FADB7BFA2EF428BE00F9DA19 /* AlamofireDynamic in Frameworks */ = {isa = PBXBuildFile; productRef = FADB7BF92EF428BE00F9DA19 /* AlamofireDynamic */; };
/* End PBXBuildFile section */

/* Begin PBXFileReference section */
		529CD6554D41397B56BD6E7D /* Pods-MalayaliDinoGame.release.xcconfig */ = {isa = PBXFileReference; includeInIndex = 1; lastKnownFileType = text.xcconfig; name = "Pods-MalayaliDinoGame.release.xcconfig"; path = "Target Support Files/Pods-MalayaliDinoGame/Pods-MalayaliDinoGame.release.xcconfig"; sourceTree = "<group>"; };
		6295409A21BD1137C54261F3 /* Pods-MalayaliDinoGame.debug.xcconfig */ = {isa = PBXFileReference; includeInIndex = 1; lastKnownFileType = text.xcconfig; name = "Pods-MalayaliDinoGame.debug.xcconfig"; path = "Target Support Files/Pods-MalayaliDinoGame/Pods-MalayaliDinoGame.debug.xcconfig"; sourceTree = "<group>"; };
		7099FB686F2615A139EB8012 /* Pods_MalayaliDinoGame.framework */ = {isa = PBXFileReference; explicitFileType = wrapper.framework; includeInIndex = 0; path = Pods_MalayaliDinoGame.framework; sourceTree = BUILT_PRODUCTS_DIR; };
		FADB7BDF2EF4280B00F9DA19 /* MalayaliDinoGame.app */ = {isa = PBXFileReference; explicitFileType = wrapper.application; includeInIndex = 0; path = MalayaliDinoGame.app; sourceTree = BUILT_PRODUCTS_DIR; };
		FADB7BE22EF4280B00F9DA19 /* AppDelegate.swift */ = {isa = PBXFileReference; lastKnownFileType = sourcecode.swift; path = AppDelegate.swift; sourceTree = "<group>"; };
		FADB7BE42EF4280B00F9DA19 /* SceneDelegate.swift */ = {isa = PBXFileReference; lastKnownFileType = sourcecode.swift; path = SceneDelegate.swift; sourceTree = "<group>"; };
		FADB7BE62EF4280B00F9DA19 /* HomeVC.swift */ = {isa = PBXFileReference; lastKnownFileType = sourcecode.swift; path = HomeVC.swift; sourceTree = "<group>"; };
		FADB7BE92EF4280B00F9DA19 /* Base */ = {isa = PBXFileReference; lastKnownFileType = file.storyboard; name = Base; path = Base.lproj/Main.storyboard; sourceTree = "<group>"; };
		FADB7BEB2EF4280E00F9DA19 /* Assets.xcassets */ = {isa = PBXFileReference; lastKnownFileType = folder.assetcatalog; path = Assets.xcassets; sourceTree = "<group>"; };
		FADB7BEE2EF4280E00F9DA19 /* Base */ = {isa = PBXFileReference; lastKnownFileType = file.storyboard; name = Base; path = Base.lproj/LaunchScreen.storyboard; sourceTree = "<group>"; };
		FADB7BF02EF4280E00F9DA19 /* Info.plist */ = {isa = PBXFileReference; lastKnownFileType = text.plist.xml; path = Info.plist; sourceTree = "<group>"; };
/* End PBXFileReference section */

/* Begin PBXFrameworksBuildPhase section */
		FADB7BDC2EF4280B00F9DA19 /* Frameworks */ = {
			isa = PBXFrameworksBuildPhase;
			buildActionMask = 2147483647;
			files = (
				FADB7BF82EF428BE00F9DA19 /* Alamofire in Frameworks */,
				FADB7BFA2EF428BE00F9DA19 /* AlamofireDynamic in Frameworks */,
				BBD99335693F14DF99B82AF2 /* Pods_MalayaliDinoGame.framework in Frameworks */,
			);
			runOnlyForDeploymentPostprocessing = 0;
		};
/* End PBXFrameworksBuildPhase section */

/* Begin PBXGroup section */
		400CE398FC122F8B8AFB90BC /* Frameworks */ = {
			isa = PBXGroup;
			children = (
				7099FB686F2615A139EB8012 /* Pods_MalayaliDinoGame.framework */,
			);
			name = Frameworks;
			sourceTree = "<group>";
		};
		47403A29A5004A1931F9A6B7 /* Pods */ = {
			isa = PBXGroup;
			children = (
				6295409A21BD1137C54261F3 /* Pods-MalayaliDinoGame.debug.xcconfig */,
				529CD6554D41397B56BD6E7D /* Pods-MalayaliDinoGame.release.xcconfig */,
			);
			path = Pods;
			sourceTree = "<group>";
		};
		FADB7BD62EF4280B00F9DA19 = {
			isa = PBXGroup;
			children = (
				FADB7BE12EF4280B00F9DA19 /* MalayaliDinoGame */,
				FADB7BE02EF4280B00F9DA19 /* Products */,
				47403A29A5004A1931F9A6B7 /* Pods */,
				400CE398FC122F8B8AFB90BC /* Frameworks */,
			);
			sourceTree = "<group>";
		};
		FADB7BE02EF4280B00F9DA19 /* Products */ = {
			isa = PBXGroup;
			children = (
				FADB7BDF2EF4280B00F9DA19 /* MalayaliDinoGame.app */,
			);
			name = Products;
			sourceTree = "<group>";
		};
		FADB7BE12EF4280B00F9DA19 /* MalayaliDinoGame */ = {
			isa = PBXGroup;
			children = (
				FADB7BE22EF4280B00F9DA19 /* AppDelegate.swift */,
				FADB7BE42EF4280B00F9DA19 /* SceneDelegate.swift */,
				FADB7BE62EF4280B00F9DA19 /* HomeVC.swift */,
				FADB7BE82EF4280B00F9DA19 /* Main.storyboard */,
				FADB7BEB2EF4280E00F9DA19 /* Assets.xcassets */,
				FADB7BED2EF4280E00F9DA19 /* LaunchScreen.storyboard */,
				FADB7BF02EF4280E00F9DA19 /* Info.plist */,
			);
			path = MalayaliDinoGame;
			sourceTree = "<group>";
		};
/* End PBXGroup section */

/* Begin PBXNativeTarget section */
		FADB7BDE2EF4280B00F9DA19 /* MalayaliDinoGame */ = {
			isa = PBXNativeTarget;
			buildConfigurationList = FADB7BF32EF4280E00F9DA19 /* Build configuration list for PBXNativeTarget "MalayaliDinoGame" */;
			buildPhases = (
				7DD80FFC5391472681FA247B /* [CP] Check Pods Manifest.lock */,
				FADB7BDB2EF4280B00F9DA19 /* Sources */,
				FADB7BDC2EF4280B00F9DA19 /* Frameworks */,
				FADB7BDD2EF4280B00F9DA19 /* Resources */,
				CE680B9A2A832B426A17E484 /* [CP] Embed Pods Frameworks */,
			);
			buildRules = (
			);
			dependencies = (
			);
			name = MalayaliDinoGame;
			packageProductDependencies = (
				FADB7BF72EF428BE00F9DA19 /* Alamofire */,
				FADB7BF92EF428BE00F9DA19 /* AlamofireDynamic */,
			);
			productName = MalayaliDinoGame;
			productReference = FADB7BDF2EF4280B00F9DA19 /* MalayaliDinoGame.app */;
			productType = "com.apple.product-type.application";
		};
/* End PBXNativeTarget section */

/* Begin PBXProject section */
		FADB7BD72EF4280B00F9DA19 /* Project object */ = {
			isa = PBXProject;
			attributes = {
				BuildIndependentTargetsInParallel = 1;
				LastSwiftUpdateCheck = 1520;
				LastUpgradeCheck = 1520;
				TargetAttributes = {
					FADB7BDE2EF4280B00F9DA19 = {
						CreatedOnToolsVersion = 15.2;
					};
				};
			};
			buildConfigurationList = FADB7BDA2EF4280B00F9DA19 /* Build configuration list for PBXProject "MalayaliDinoGame" */;
			compatibilityVersion = "Xcode 14.0";
			developmentRegion = en;
			hasScannedForEncodings = 0;
			knownRegions = (
				en,
				Base,
			);
			mainGroup = FADB7BD62EF4280B00F9DA19;
			packageReferences = (
				FADB7BF62EF428BE00F9DA19 /* XCRemoteSwiftPackageReference "Alamofire" */,
			);
			productRefGroup = FADB7BE02EF4280B00F9DA19 /* Products */;
			projectDirPath = "";
			projectRoot = "";
			targets = (
				FADB7BDE2EF4280B00F9DA19 /* MalayaliDinoGame */,
			);
		};
/* End PBXProject section */

/* Begin PBXResourcesBuildPhase section */
		FADB7BDD2EF4280B00F9DA19 /* Resources */ = {
			isa = PBXResourcesBuildPhase;
			buildActionMask = 2147483647;
			files = (
				FADB7BEF2EF4280E00F9DA19 /* LaunchScreen.storyboard in Resources */,
				FADB7BEC2EF4280E00F9DA19 /* Assets.xcassets in Resources */,
				FADB7BEA2EF4280B00F9DA19 /* Main.storyboard in Resources */,
			);
			runOnlyForDeploymentPostprocessing = 0;
		};
/* End PBXResourcesBuildPhase section */

/* Begin PBXShellScriptBuildPhase section */
		7DD80FFC5391472681FA247B /* [CP] Check Pods Manifest.lock */ = {
			isa = PBXShellScriptBuildPhase;
			buildActionMask = 2147483647;
			files = (
			);
			inputFileListPaths = (
			);
			inputPaths = (
				"${PODS_PODFILE_DIR_PATH}/Podfile.lock",
				"${PODS_ROOT}/Manifest.lock",
			);
			name = "[CP] Check Pods Manifest.lock";
			outputFileListPaths = (
			);
			outputPaths = (
				"$(DERIVED_FILE_DIR)/Pods-MalayaliDinoGame-checkManifestLockResult.txt",
			);
			runOnlyForDeploymentPostprocessing = 0;
			shellPath = /bin/sh;
			shellScript = "diff \"${PODS_PODFILE_DIR_PATH}/Podfile.lock\" \"${PODS_ROOT}/Manifest.lock\" > /dev/null\nif [ $? != 0 ] ; then\n    # print error to STDERR\n    echo \"error: The sandbox is not in sync with the Podfile.lock. Run 'pod install' or update your CocoaPods installation.\" >&2\n    exit 1\nfi\n# This output is used by Xcode 'outputs' to avoid re-running this script phase.\necho \"SUCCESS\" > \"${SCRIPT_OUTPUT_FILE_0}\"\n";
			showEnvVarsInLog = 0;
		};
		CE680B9A2A832B426A17E484 /* [CP] Embed Pods Frameworks */ = {
			isa = PBXShellScriptBuildPhase;
			buildActionMask = 2147483647;
			files = (
			);
			inputFileListPaths = (
				"${PODS_ROOT}/Target Support Files/Pods-MalayaliDinoGame/Pods-MalayaliDinoGame-frameworks-${CONFIGURATION}-input-files.xcfilelist",
			);
			name = "[CP] Embed Pods Frameworks";
			outputFileListPaths = (
				"${PODS_ROOT}/Target Support Files/Pods-MalayaliDinoGame/Pods-MalayaliDinoGame-frameworks-${CONFIGURATION}-output-files.xcfilelist",
			);
			runOnlyForDeploymentPostprocessing = 0;
			shellPath = /bin/sh;
			shellScript = "\"${PODS_ROOT}/Target Support Files/Pods-MalayaliDinoGame/Pods-MalayaliDinoGame-frameworks.sh\"\n";
			showEnvVarsInLog = 0;
		};
/* End PBXShellScriptBuildPhase section */

/* Begin PBXSourcesBuildPhase section */
		FADB7BDB2EF4280B00F9DA19 /* Sources */ = {
			isa = PBXSourcesBuildPhase;
			buildActionMask = 2147483647;
			files = (
				FADB7BE72EF4280B00F9DA19 /* HomeVC.swift in Sources */,
				FADB7BE32EF4280B00F9DA19 /* AppDelegate.swift in Sources */,
				FADB7BE52EF4280B00F9DA19 /* SceneDelegate.swift in Sources */,
			);
			runOnlyForDeploymentPostprocessing = 0;
		};
/* End PBXSourcesBuildPhase section */

/* Begin PBXVariantGroup section */
		FADB7BE82EF4280B00F9DA19 /* Main.storyboard */ = {
			isa = PBXVariantGroup;
			children = (
				FADB7BE92EF4280B00F9DA19 /* Base */,
			);
			name = Main.storyboard;
			sourceTree = "<group>";
		};
		FADB7BED2EF4280E00F9DA19 /* LaunchScreen.storyboard */ = {
			isa = PBXVariantGroup;
			children = (
				FADB7BEE2EF4280E00F9DA19 /* Base */,
			);
			name = LaunchScreen.storyboard;
			sourceTree = "<group>";
		};
/* End PBXVariantGroup section */

/* Begin XCBuildConfiguration section */
		FADB7BF12EF4280E00F9DA19 /* Debug */ = {
			isa = XCBuildConfiguration;
			buildSettings = {
				ALWAYS_SEARCH_USER_PATHS = NO;
				ASSETCATALOG_COMPILER_GENERATE_SWIFT_ASSET_SYMBOL_EXTENSIONS = YES;
				CLANG_ANALYZER_NONNULL = YES;
				CLANG_ANALYZER_NUMBER_OBJECT_CONVERSION = YES_AGGRESSIVE;
				CLANG_CXX_LANGUAGE_STANDARD = "gnu++20";
				CLANG_ENABLE_MODULES = YES;
				CLANG_ENABLE_OBJC_ARC = YES;
				CLANG_ENABLE_OBJC_WEAK = YES;
				CLANG_WARN_BLOCK_CAPTURE_AUTORELEASING = YES;
				CLANG_WARN_BOOL_CONVERSION = YES;
				CLANG_WARN_COMMA = YES;
				CLANG_WARN_CONSTANT_CONVERSION = YES;
				CLANG_WARN_DEPRECATED_OBJC_IMPLEMENTATIONS = YES;
				CLANG_WARN_DIRECT_OBJC_ISA_USAGE = YES_ERROR;
				CLANG_WARN_DOCUMENTATION_COMMENTS = YES;
				CLANG_WARN_EMPTY_BODY = YES;
				CLANG_WARN_ENUM_CONVERSION = YES;
				CLANG_WARN_INFINITE_RECURSION = YES;
				CLANG_WARN_INT_CONVERSION = YES;
				CLANG_WARN_NON_LITERAL_NULL_CONVERSION = YES;
				CLANG_WARN_OBJC_IMPLICIT_RETAIN_SELF = YES;
				CLANG_WARN_OBJC_LITERAL_CONVERSION = YES;
				CLANG_WARN_OBJC_ROOT_CLASS = YES_ERROR;
				CLANG_WARN_QUOTED_INCLUDE_IN_FRAMEWORK_HEADER = YES;
				CLANG_WARN_RANGE_LOOP_ANALYSIS = YES;
				CLANG_WARN_STRICT_PROTOTYPES = YES;
				CLANG_WARN_SUSPICIOUS_MOVE = YES;
				CLANG_WARN_UNGUARDED_AVAILABILITY = YES_AGGRESSIVE;
				CLANG_WARN_UNREACHABLE_CODE = YES;
				CLANG_WARN__DUPLICATE_METHOD_MATCH = YES;
				COPY_PHASE_STRIP = NO;
				DEBUG_INFORMATION_FORMAT = dwarf;
				ENABLE_STRICT_OBJC_MSGSEND = YES;
				ENABLE_TESTABILITY = YES;
				ENABLE_USER_SCRIPT_SANDBOXING = YES;
				GCC_C_LANGUAGE_STANDARD = gnu17;
				GCC_DYNAMIC_NO_PIC = NO;
				GCC_NO_COMMON_BLOCKS = YES;
				GCC_OPTIMIZATION_LEVEL = 0;
				GCC_PREPROCESSOR_DEFINITIONS = (
					"DEBUG=1",
					"$(inherited)",
				);
				GCC_WARN_64_TO_32_BIT_CONVERSION = YES;
				GCC_WARN_ABOUT_RETURN_TYPE = YES_ERROR;
				GCC_WARN_UNDECLARED_SELECTOR = YES;
				GCC_WARN_UNINITIALIZED_AUTOS = YES_AGGRESSIVE;
				GCC_WARN_UNUSED_FUNCTION = YES;
				GCC_WARN_UNUSED_VARIABLE = YES;
				IPHONEOS_DEPLOYMENT_TARGET = 17.2;
				LOCALIZATION_PREFERS_STRING_CATALOGS = YES;
				MTL_ENABLE_DEBUG_INFO = INCLUDE_SOURCE;
				MTL_FAST_MATH = YES;
				ONLY_ACTIVE_ARCH = YES;
				SDKROOT = iphoneos;
				SWIFT_ACTIVE_COMPILATION_CONDITIONS = "DEBUG $(inherited)";
				SWIFT_OPTIMIZATION_LEVEL = "-Onone";
			};
			name = Debug;
		};
		FADB7BF22EF4280E00F9DA19 /* Release */ = {
			isa = XCBuildConfiguration;
			buildSettings = {
				ALWAYS_SEARCH_USER_PATHS = NO;
				ASSETCATALOG_COMPILER_GENERATE_SWIFT_ASSET_SYMBOL_EXTENSIONS = YES;
				CLANG_ANALYZER_NONNULL = YES;
				CLANG_ANALYZER_NUMBER_OBJECT_CONVERSION = YES_AGGRESSIVE;
				CLANG_CXX_LANGUAGE_STANDARD = "gnu++20";
				CLANG_ENABLE_MODULES = YES;
				CLANG_ENABLE_OBJC_ARC = YES;
				CLANG_ENABLE_OBJC_WEAK = YES;
				CLANG_WARN_BLOCK_CAPTURE_AUTORELEASING = YES;
				CLANG_WARN_BOOL_CONVERSION = YES;
				CLANG_WARN_COMMA = YES;
				CLANG_WARN_CONSTANT_CONVERSION = YES;
				CLANG_WARN_DEPRECATED_OBJC_IMPLEMENTATIONS = YES;
				CLANG_WARN_DIRECT_OBJC_ISA_USAGE = YES_ERROR;
				CLANG_WARN_DOCUMENTATION_COMMENTS = YES;
				CLANG_WARN_EMPTY_BODY = YES;
				CLANG_WARN_ENUM_CONVERSION = YES;
				CLANG_WARN_INFINITE_RECURSION = YES;
				CLANG_WARN_INT_CONVERSION = YES;
				CLANG_WARN_NON_LITERAL_NULL_CONVERSION = YES;
				CLANG_WARN_OBJC_IMPLICIT_RETAIN_SELF = YES;
				CLANG_WARN_OBJC_LITERAL_CONVERSION = YES;
				CLANG_WARN_OBJC_ROOT_CLASS = YES_ERROR;
				CLANG_WARN_QUOTED_INCLUDE_IN_FRAMEWORK_HEADER = YES;
				CLANG_WARN_RANGE_LOOP_ANALYSIS = YES;
				CLANG_WARN_STRICT_PROTOTYPES = YES;
				CLANG_WARN_SUSPICIOUS_MOVE = YES;
				CLANG_WARN_UNGUARDED_AVAILABILITY = YES_AGGRESSIVE;
				CLANG_WARN_UNREACHABLE_CODE = YES;
				CLANG_WARN__DUPLICATE_METHOD_MATCH = YES;
				COPY_PHASE_STRIP = NO;
				DEBUG_INFORMATION_FORMAT = "dwarf-with-dsym";
				ENABLE_NS_ASSERTIONS = NO;
				ENABLE_STRICT_OBJC_MSGSEND = YES;
				ENABLE_USER_SCRIPT_SANDBOXING = YES;
				GCC_C_LANGUAGE_STANDARD = gnu17;
				GCC_NO_COMMON_BLOCKS = YES;
				GCC_WARN_64_TO_32_BIT_CONVERSION = YES;
				GCC_WARN_ABOUT_RETURN_TYPE = YES_ERROR;
				GCC_WARN_UNDECLARED_SELECTOR = YES;
				GCC_WARN_UNINITIALIZED_AUTOS = YES_AGGRESSIVE;
				GCC_WARN_UNUSED_FUNCTION = YES;
				GCC_WARN_UNUSED_VARIABLE = YES;
				IPHONEOS_DEPLOYMENT_TARGET = 17.2;
				LOCALIZATION_PREFERS_STRING_CATALOGS = YES;
				MTL_ENABLE_DEBUG_INFO = NO;
				MTL_FAST_MATH = YES;
				SDKROOT = iphoneos;
				SWIFT_COMPILATION_MODE = wholemodule;
				VALIDATE_PRODUCT = YES;
			};
			name = Release;
		};
		FADB7BF42EF4280E00F9DA19 /* Debug */ = {
			isa = XCBuildConfiguration;
			baseConfigurationReference = 6295409A21BD1137C54261F3 /* Pods-MalayaliDinoGame.debug.xcconfig */;
			buildSettings = {
				ASSETCATALOG_COMPILER_APPICON_NAME = AppIcon;
				ASSETCATALOG_COMPILER_GLOBAL_ACCENT_COLOR_NAME = AccentColor;
				CODE_SIGN_STYLE = Automatic;
				CURRENT_PROJECT_VERSION = 1;
				DEVELOPMENT_TEAM = MZ5MU4E2SQ;
				GENERATE_INFOPLIST_FILE = YES;
				INFOPLIST_FILE = MalayaliDinoGame/Info.plist;
				INFOPLIST_KEY_CFBundleDisplayName = "Malayali Dino";
				INFOPLIST_KEY_LSApplicationCategoryType = "public.app-category.kids-games";
				INFOPLIST_KEY_UIApplicationSupportsIndirectInputEvents = YES;
				INFOPLIST_KEY_UILaunchStoryboardName = LaunchScreen;
				INFOPLIST_KEY_UIMainStoryboardFile = Main;
				INFOPLIST_KEY_UISupportedInterfaceOrientations_iPad = "UIInterfaceOrientationPortrait UIInterfaceOrientationPortraitUpsideDown UIInterfaceOrientationLandscapeLeft UIInterfaceOrientationLandscapeRight";
				INFOPLIST_KEY_UISupportedInterfaceOrientations_iPhone = "UIInterfaceOrientationPortrait UIInterfaceOrientationLandscapeLeft UIInterfaceOrientationLandscapeRight";
				IPHONEOS_DEPLOYMENT_TARGET = 17.0;
				LD_RUNPATH_SEARCH_PATHS = (
					"$(inherited)",
					"@executable_path/Frameworks",
				);
				MARKETING_VERSION = 1.0;
				PRODUCT_BUNDLE_IDENTIFIER = com.ksbm.MalayaliDinoGame;
				PRODUCT_NAME = "$(TARGET_NAME)";
				SWIFT_EMIT_LOC_STRINGS = YES;
				SWIFT_VERSION = 5.0;
				TARGETED_DEVICE_FAMILY = "1,2";
			};
			name = Debug;
		};
		FADB7BF52EF4280E00F9DA19 /* Release */ = {
			isa = XCBuildConfiguration;
			baseConfigurationReference = 529CD6554D41397B56BD6E7D /* Pods-MalayaliDinoGame.release.xcconfig */;
			buildSettings = {
				ASSETCATALOG_COMPILER_APPICON_NAME = AppIcon;
				ASSETCATALOG_COMPILER_GLOBAL_ACCENT_COLOR_NAME = AccentColor;
				CODE_SIGN_STYLE = Automatic;
				CURRENT_PROJECT_VERSION = 1;
				DEVELOPMENT_TEAM = MZ5MU4E2SQ;
				GENERATE_INFOPLIST_FILE = YES;
				INFOPLIST_FILE = MalayaliDinoGame/Info.plist;
				INFOPLIST_KEY_CFBundleDisplayName = "Malayali Dino";
				INFOPLIST_KEY_LSApplicationCategoryType = "public.app-category.kids-games";
				INFOPLIST_KEY_UIApplicationSupportsIndirectInputEvents = YES;
				INFOPLIST_KEY_UILaunchStoryboardName = LaunchScreen;
				INFOPLIST_KEY_UIMainStoryboardFile = Main;
				INFOPLIST_KEY_UISupportedInterfaceOrientations_iPad = "UIInterfaceOrientationPortrait UIInterfaceOrientationPortraitUpsideDown UIInterfaceOrientationLandscapeLeft UIInterfaceOrientationLandscapeRight";
				INFOPLIST_KEY_UISupportedInterfaceOrientations_iPhone = "UIInterfaceOrientationPortrait UIInterfaceOrientationLandscapeLeft UIInterfaceOrientationLandscapeRight";
				IPHONEOS_DEPLOYMENT_TARGET = 17.0;
				LD_RUNPATH_SEARCH_PATHS = (
					"$(inherited)",
					"@executable_path/Frameworks",
				);
				MARKETING_VERSION = 1.0;
				PRODUCT_BUNDLE_IDENTIFIER = com.ksbm.MalayaliDinoGame;
				PRODUCT_NAME = "$(TARGET_NAME)";
				SWIFT_EMIT_LOC_STRINGS = YES;
				SWIFT_VERSION = 5.0;
				TARGETED_DEVICE_FAMILY = "1,2";
			};
			name = Release;
		};
/* End XCBuildConfiguration section */

/* Begin XCConfigurationList section */
		FADB7BDA2EF4280B00F9DA19 /* Build configuration list for PBXProject "MalayaliDinoGame" */ = {
			isa = XCConfigurationList;
			buildConfigurations = (
				FADB7BF12EF4280E00F9DA19 /* Debug */,
				FADB7BF22EF4280E00F9DA19 /* Release */,
			);
			defaultConfigurationIsVisible = 0;
			defaultConfigurationName = Release;
		};
		FADB7BF32EF4280E00F9DA19 /* Build configuration list for PBXNativeTarget "MalayaliDinoGame" */ = {
			isa = XCConfigurationList;
			buildConfigurations = (
				FADB7BF42EF4280E00F9DA19 /* Debug */,
				FADB7BF52EF4280E00F9DA19 /* Release */,
			);
			defaultConfigurationIsVisible = 0;
			defaultConfigurationName = Release;
		};
/* End XCConfigurationList section */

/* Begin XCRemoteSwiftPackageReference section */
		FADB7BF62EF428BE00F9DA19 /* XCRemoteSwiftPackageReference "Alamofire" */ = {
			isa = XCRemoteSwiftPackageReference;
			repositoryURL = "https://github.com/Alamofire/Alamofire.git";
			requirement = {
				kind = exactVersion;
				version = 5.10.2;
			};
		};
/* End XCRemoteSwiftPackageReference section */

/* Begin XCSwiftPackageProductDependency section */
		FADB7BF72EF428BE00F9DA19 /* Alamofire */ = {
			isa = XCSwiftPackageProductDependency;
			package = FADB7BF62EF428BE00F9DA19 /* XCRemoteSwiftPackageReference "Alamofire" */;
			productName = Alamofire;
		};
		FADB7BF92EF428BE00F9DA19 /* AlamofireDynamic */ = {
			isa = XCSwiftPackageProductDependency;
			package = FADB7BF62EF428BE00F9DA19 /* XCRemoteSwiftPackageReference "Alamofire" */;
			productName = AlamofireDynamic;
		};
/* End XCSwiftPackageProductDependency section */
	};
	rootObject = FADB7BD72EF4280B00F9DA19 /* Project object */;
}
